
Microsoft Visual Studio Solution File, Format Version 12.00
# Visual Studio Version 17
VisualStudioVersion = 17.9.34616.47
MinimumVisualStudioVersion = 10.0.40219.1
Project("{8BC9CEB8-8B4A-11D0-8D11-00A0C91BC942}") = "ParadigmaOOPpart2", "ParadigmaOOPpart2\ParadigmaOOPpart2.vcxproj", "{084BE561-D3E3-43C5-A29F-BF19E71A7769}"
EndProject
Project("{8BC9CEB8-8B4A-11D0-8D11-00A0C91BC942}") = "Enkapsulasi", "Enkapsulasi\Enkapsulasi.vcxproj", "{266CF581-8942-4416-84B9-92EA48995956}"
EndProject
Project("{8BC9CEB8-8B4A-11D0-8D11-00A0C91BC942}") = "noOverridding", "noOverridding\noOverridding.vcxproj", "{98275ACE-EC92-4DCC-92E1-0714B5F64A2D}"
EndProject
Project("{8BC9CEB8-8B4A-11D0-8D11-00A0C91BC942}") = "noPewarisan", "noPewarisan\noPewarisan.vcxproj", "{EAE20798-AF86-4EA6-AB2F-5EDFCB4318D6}"
EndProject
Project("{8BC9CEB8-8B4A-11D0-8D11-00A0C91BC942}") = "Abstraksi", "Abstraksi\Abstraksi.vcxproj", "{DD16EBD9-23D5-4C14-BADB-ECFAACEB0E8A}"
EndProject
Project("{8BC9CEB8-8B4A-11D0-8D11-00A0C91BC942}") = "Multiwaris", "Multiwaris\Multiwaris.vcxproj", "{0120350D-47BB-447A-AE9E-6F5F88E78E66}"
EndProject
Project("{8BC9CEB8-8B4A-11D0-8D11-00A0C91BC942}") = "solveMultiwaris", "solveMultiwaris\solveMultiwaris.vcxproj", "{3D14A46E-3CA0-4B41-8AF0-5660E8EE8CEF}"
EndProject
Global
	GlobalSection(SolutionConfigurationPlatforms) = preSolution
		Debug|x64 = Debug|x64
		Debug|x86 = Debug|x86
		Release|x64 = Release|x64
		Release|x86 = Release|x86
	EndGlobalSection
	GlobalSection(ProjectConfigurationPlatforms) = postSolution
		{084BE561-D3E3-43C5-A29F-BF19E71A7769}.Debug|x64.ActiveCfg = Debug|x64
		{084BE561-D3E3-43C5-A29F-BF19E71A7769}.Debug|x64.Build.0 = Debug|x64
		{084BE561-D3E3-43C5-A29F-BF19E71A7769}.Debug|x86.ActiveCfg = Debug|Win32
		{084BE561-D3E3-43C5-A29F-BF19E71A7769}.Debug|x86.Build.0 = Debug|Win32
		{084BE561-D3E3-43C5-A29F-BF19E71A7769}.Release|x64.ActiveCfg = Release|x64
		{084BE561-D3E3-43C5-A29F-BF19E71A7769}.Release|x64.Build.0 = Release|x64
		{084BE561-D3E3-43C5-A29F-BF19E71A7769}.Release|x86.ActiveCfg = Release|Win32
		{084BE561-D3E3-43C5-A29F-BF19E71A7769}.Release|x86.Build.0 = Release|Win32
		{266CF581-8942-4416-84B9-92EA48995956}.Debug|x64.ActiveCfg = Debug|x64
		{266CF581-8942-4416-84B9-92EA48995956}.Debug|x64.Build.0 = Debug|x64
		{266CF581-8942-4416-84B9-92EA48995956}.Debug|x86.ActiveCfg = Debug|Win32
		{266CF581-8942-4416-84B9-92EA48995956}.Debug|x86.Build.0 = Debug|Win32
		{266CF581-8942-4416-84B9-92EA48995956}.Release|x64.ActiveCfg = Release|x64
		{266CF581-8942-4416-84B9-92EA48995956}.Release|x64.Build.0 = Release|x64
		{266CF581-8942-4416-84B9-92EA48995956}.Release|x86.ActiveCfg = Release|Win32
		{266CF581-8942-4416-84B9-92EA48995956}.Release|x86.Build.0 = Release|Win32
		{98275ACE-EC92-4DCC-92E1-0714B5F64A2D}.Debug|x64.ActiveCfg = Debug|x64
		{98275ACE-EC92-4DCC-92E1-0714B5F64A2D}.Debug|x64.Build.0 = Debug|x64
		{98275ACE-EC92-4DCC-92E1-0714B5F64A2D}.Debug|x86.ActiveCfg = Debug|Win32
		{98275ACE-EC92-4DCC-92E1-0714B5F64A2D}.Debug|x86.Build.0 = Debug|Win32
		{98275ACE-EC92-4DCC-92E1-0714B5F64A2D}.Release|x64.ActiveCfg = Release|x64
		{98275ACE-EC92-4DCC-92E1-0714B5F64A2D}.Release|x64.Build.0 = Release|x64
		{98275ACE-EC92-4DCC-92E1-0714B5F64A2D}.Release|x86.ActiveCfg = Release|Win32
		{98275ACE-EC92-4DCC-92E1-0714B5F64A2D}.Release|x86.Build.0 = Release|Win32
		{EAE20798-AF86-4EA6-AB2F-5EDFCB4318D6}.Debug|x64.ActiveCfg = Debug|x64
		{EAE20798-AF86-4EA6-AB2F-5EDFCB4318D6}.Debug|x64.Build.0 = Debug|x64
		{EAE20798-AF86-4EA6-AB2F-5EDFCB4318D6}.Debug|x86.ActiveCfg = Debug|Win32
		{EAE20798-AF86-4EA6-AB2F-5EDFCB4318D6}.Debug|x86.Build.0 = Debug|Win32
		{EAE20798-AF86-4EA6-AB2F-5EDFCB4318D6}.Release|x64.ActiveCfg = Release|x64
		{EAE20798-AF86-4EA6-AB2F-5EDFCB4318D6}.Release|x64.Build.0 = Release|x64
		{EAE20798-AF86-4EA6-AB2F-5EDFCB4318D6}.Release|x86.ActiveCfg = Release|Win32
		{EAE20798-AF86-4EA6-AB2F-5EDFCB4318D6}.Release|x86.Build.0 = Release|Win32
		{DD16EBD9-23D5-4C14-BADB-ECFAACEB0E8A}.Debug|x64.ActiveCfg = Debug|x64
		{DD16EBD9-23D5-4C14-BADB-ECFAACEB0E8A}.Debug|x64.Build.0 = Debug|x64
		{DD16EBD9-23D5-4C14-BADB-ECFAACEB0E8A}.Debug|x86.ActiveCfg = Debug|Win32
		{DD16EBD9-23D5-4C14-BADB-ECFAACEB0E8A}.Debug|x86.Build.0 = Debug|Win32
		{DD16EBD9-23D5-4C14-BADB-ECFAACEB0E8A}.Release|x64.ActiveCfg = Release|x64
		{DD16EBD9-23D5-4C14-BADB-ECFAACEB0E8A}.Release|x64.Build.0 = Release|x64
		{DD16EBD9-23D5-4C14-BADB-ECFAACEB0E8A}.Release|x86.ActiveCfg = Release|Win32
		{DD16EBD9-23D5-4C14-BADB-ECFAACEB0E8A}.Release|x86.Build.0 = Release|Win32
		{0120350D-47BB-447A-AE9E-6F5F88E78E66}.Debug|x64.ActiveCfg = Debug|x64
		{0120350D-47BB-447A-AE9E-6F5F88E78E66}.Debug|x64.Build.0 = Debug|x64
		{0120350D-47BB-447A-AE9E-6F5F88E78E66}.Debug|x86.ActiveCfg = Debug|Win32
		{0120350D-47BB-447A-AE9E-6F5F88E78E66}.Debug|x86.Build.0 = Debug|Win32
		{0120350D-47BB-447A-AE9E-6F5F88E78E66}.Release|x64.ActiveCfg = Release|x64
		{0120350D-47BB-447A-AE9E-6F5F88E78E66}.Release|x64.Build.0 = Release|x64
		{0120350D-47BB-447A-AE9E-6F5F88E78E66}.Release|x86.ActiveCfg = Release|Win32
		{0120350D-47BB-447A-AE9E-6F5F88E78E66}.Release|x86.Build.0 = Release|Win32
		{3D14A46E-3CA0-4B41-8AF0-5660E8EE8CEF}.Debug|x64.ActiveCfg = Debug|x64
		{3D14A46E-3CA0-4B41-8AF0-5660E8EE8CEF}.Debug|x64.Build.0 = Debug|x64
		{3D14A46E-3CA0-4B41-8AF0-5660E8EE8CEF}.Debug|x86.ActiveCfg = Debug|Win32
		{3D14A46E-3CA0-4B41-8AF0-5660E8EE8CEF}.Debug|x86.Build.0 = Debug|Win32
		{3D14A46E-3CA0-4B41-8AF0-5660E8EE8CEF}.Release|x64.ActiveCfg = Release|x64
		{3D14A46E-3CA0-4B41-8AF0-5660E8EE8CEF}.Release|x64.Build.0 = Release|x64
		{3D14A46E-3CA0-4B41-8AF0-5660E8EE8CEF}.Release|x86.ActiveCfg = Release|Win32
		{3D14A46E-3CA0-4B41-8AF0-5660E8EE8CEF}.Release|x86.Build.0 = Release|Win32
	EndGlobalSection
	GlobalSection(SolutionProperties) = preSolution
		HideSolutionNode = FALSE
	EndGlobalSection
	GlobalSection(ExtensibilityGlobals) = postSolution
		SolutionGuid = {70E63F25-EA32-4043-A694-ED4FE085437F}
	EndGlobalSection
EndGlobal
